
Microsoft Visual Studio Solution File, Format Version 12.00
# Visual Studio 15
Project("{FAE04EC0-301F-11D3-BF4B-00C04F79EFBC}") = "Blog", "Blog\Blog.csproj", "{55218EE6-3B90-40A9-9305-B0D2E4898490}"
EndProject
Global
	GlobalSection(SolutionConfigurationPlatforms) = preSolution
		Debug|Any CPU = Debug|Any CPU
		Release|Any CPU = Release|Any CPU
	EndGlobalSection
	GlobalSection(ProjectConfigurationPlatforms) = postSolution
		{55218EE6-3B90-40A9-9305-B0D2E4898490}.Debug|Any CPU.ActiveCfg = Debug|Any CPU
		{55218EE6-3B90-40A9-9305-B0D2E4898490}.Debug|Any CPU.Build.0 = Debug|Any CPU
		{55218EE6-3B90-40A9-9305-B0D2E4898490}.Release|Any CPU.ActiveCfg = Release|Any CPU
		{55218EE6-3B90-40A9-9305-B0D2E4898490}.Release|Any CPU.Build.0 = Release|Any CPU
	EndGlobalSection
EndGlobal
